
Microsoft Visual Studio Solution File, Format Version 12.00
# Visual Studio 15
VisualStudioVersion = 15.0.26730.16
MinimumVisualStudioVersion = 10.0.40219.1
Project("{FAE04EC0-301F-11D3-BF4B-00C04F79EFBC}") = "zadanie1", "zadanie1\zadanie1.csproj", "{5FE2CA3B-E6BC-45BA-A81B-349B3AA966CB}"
EndProject
Project("{FAE04EC0-301F-11D3-BF4B-00C04F79EFBC}") = "zadanie2", "zadanie2\zadanie2.csproj", "{761C2ECF-74EE-4A6B-BD29-B40309292A96}"
EndProject
Project("{FAE04EC0-301F-11D3-BF4B-00C04F79EFBC}") = "zadanie3", "zadanie3\zadanie3.csproj", "{1327C36D-4C19-4A93-9F72-DE9F4F42E194}"
EndProject
Project("{FAE04EC0-301F-11D3-BF4B-00C04F79EFBC}") = "zadanie5", "zadanie5\zadanie5.csproj", "{BB4D8A0B-C17A-4C16-B249-BE327ECA8104}"
EndProject
Project("{FAE04EC0-301F-11D3-BF4B-00C04F79EFBC}") = "zadanie10", "zadanie10\zadanie10.csproj", "{033517D4-5F16-4B35-BDA1-84C092B8973D}"
EndProject
Project("{FAE04EC0-301F-11D3-BF4B-00C04F79EFBC}") = "zadanie17", "zadanie17\zadanie17.csproj", "{D421058D-53BA-4933-B4AE-3404952FC8B6}"
EndProject
Project("{FAE04EC0-301F-11D3-BF4B-00C04F79EFBC}") = "zadanie21", "zadanie21\zadanie21.csproj", "{407AA4F3-3736-4EE1-BB30-87DC17236419}"
EndProject
Project("{FAE04EC0-301F-11D3-BF4B-00C04F79EFBC}") = "zadanie22", "zadanie22\zadanie22.csproj", "{772632BC-8243-412C-A9E1-59907A085080}"
EndProject
Project("{FAE04EC0-301F-11D3-BF4B-00C04F79EFBC}") = "zadanie25", "zadanie25\zadanie25.csproj", "{822EE20F-9310-4DE1-8B8A-8470293ABECD}"
EndProject
Project("{FAE04EC0-301F-11D3-BF4B-00C04F79EFBC}") = "zadanie30", "zadanie30\zadanie30.csproj", "{833D334C-9969-4A57-A704-3EDDDAFA9A19}"
EndProject
Project("{FAE04EC0-301F-11D3-BF4B-00C04F79EFBC}") = "zadanie31", "zadanie31\zadanie31.csproj", "{86F0B439-8EA7-4F34-A505-EBAACF2C69CF}"
EndProject
Project("{FAE04EC0-301F-11D3-BF4B-00C04F79EFBC}") = "zadanie4", "zadanie4\zadanie4.csproj", "{52AD6237-B1B9-48E1-A90D-97A3FFA3DD09}"
EndProject
Project("{FAE04EC0-301F-11D3-BF4B-00C04F79EFBC}") = "zadanie6", "zadanie6\zadanie6.csproj", "{1C1E0984-FC98-436F-AD72-8808B432E64C}"
EndProject
Project("{FAE04EC0-301F-11D3-BF4B-00C04F79EFBC}") = "zadanie7", "zadanie7\zadanie7.csproj", "{1F8B591B-1706-4B62-B7D8-E3BA4781E68A}"
EndProject
Project("{FAE04EC0-301F-11D3-BF4B-00C04F79EFBC}") = "zadanie8", "zadanie8\zadanie8.csproj", "{395DCDD7-353F-4FA5-BE79-9CAAF015D5C8}"
EndProject
Project("{FAE04EC0-301F-11D3-BF4B-00C04F79EFBC}") = "zadanie9", "zadanie9\zadanie9.csproj", "{3D9CE181-8F38-407D-97CD-A7EF170E46BE}"
EndProject
Project("{FAE04EC0-301F-11D3-BF4B-00C04F79EFBC}") = "zadanie11", "zadanie11\zadanie11.csproj", "{58EB30D6-96E6-4283-AF51-5DF70D9BB427}"
EndProject
Project("{FAE04EC0-301F-11D3-BF4B-00C04F79EFBC}") = "zadanie12", "zadanie12\zadanie12.csproj", "{9915A3B9-F4AD-4BB1-940F-93424B9CE159}"
EndProject
Project("{FAE04EC0-301F-11D3-BF4B-00C04F79EFBC}") = "zadanie13", "zadanie13\zadanie13.csproj", "{DF9329D6-A120-42B3-8819-EC34F09240BC}"
EndProject
Project("{FAE04EC0-301F-11D3-BF4B-00C04F79EFBC}") = "zadanie14", "zadanie14\zadanie14.csproj", "{023F06E9-D435-4CE5-A7DA-BEC09CC48030}"
EndProject
Project("{FAE04EC0-301F-11D3-BF4B-00C04F79EFBC}") = "zadanie15", "zadanie15\zadanie15.csproj", "{2CA3F415-1EE8-467E-821F-294ED6BC9726}"
EndProject
Project("{FAE04EC0-301F-11D3-BF4B-00C04F79EFBC}") = "zadanie16", "zadanie16\zadanie16.csproj", "{40CE52AE-DC06-4D63-A1A0-053505CDE7F2}"
EndProject
Project("{FAE04EC0-301F-11D3-BF4B-00C04F79EFBC}") = "zadanie18", "zadanie18\zadanie18.csproj", "{B72C2122-C072-4EE9-A758-A303E9AE2B0E}"
EndProject
Project("{FAE04EC0-301F-11D3-BF4B-00C04F79EFBC}") = "zadanie19", "zadanie19\zadanie19.csproj", "{E06EDF8D-0710-4D7E-95E6-6E1D2E6B7C14}"
EndProject
Project("{FAE04EC0-301F-11D3-BF4B-00C04F79EFBC}") = "zadanie20", "zadanie20\zadanie20.csproj", "{686A34A4-65A3-441E-8108-F1D01ECFD249}"
EndProject
Project("{FAE04EC0-301F-11D3-BF4B-00C04F79EFBC}") = "zadanie23", "zadanie23\zadanie23.csproj", "{0B3858A2-F8A2-4C7B-847F-13E04E0743C3}"
EndProject
Project("{FAE04EC0-301F-11D3-BF4B-00C04F79EFBC}") = "zadanie24", "zadaniw24\zadanie24.csproj", "{A30E6CDA-118F-4677-8A60-99F298A7F386}"
EndProject
Project("{FAE04EC0-301F-11D3-BF4B-00C04F79EFBC}") = "zadanie26", "zadanie26\zadanie26.csproj", "{E10D50FE-F9CD-4FEE-BFF2-51E524D3D684}"
EndProject
Project("{FAE04EC0-301F-11D3-BF4B-00C04F79EFBC}") = "zadanie28", "zadanie27\zadanie28.csproj", "{F744182E-5C17-458F-8D77-1519CE3856FD}"
EndProject
Project("{FAE04EC0-301F-11D3-BF4B-00C04F79EFBC}") = "zadanie29", "zadanie28\zadanie29.csproj", "{6A48F275-1B9B-473B-B2A0-99E325EBDBE9}"
EndProject
Project("{FAE04EC0-301F-11D3-BF4B-00C04F79EFBC}") = "zadanie27", "zadanie227\zadanie27.csproj", "{0F634AB3-1F3C-4EE4-8D3E-18B1956B3585}"
EndProject
Project("{FAE04EC0-301F-11D3-BF4B-00C04F79EFBC}") = "zadanie32", "zadanie32\zadanie32.csproj", "{20539738-B5A1-4408-A567-336C2CAA73B2}"
EndProject
Project("{FAE04EC0-301F-11D3-BF4B-00C04F79EFBC}") = "zadanie33", "zadanie33\zadanie33.csproj", "{34B4A10C-CA52-4F74-974F-7B419A85C5A0}"
EndProject
Project("{FAE04EC0-301F-11D3-BF4B-00C04F79EFBC}") = "zadanie34", "zadanie35\zadanie34.csproj", "{DCDB9D87-954B-467A-9696-82D12FF46974}"
EndProject
Project("{FAE04EC0-301F-11D3-BF4B-00C04F79EFBC}") = "zadanie35", "zadanie335\zadanie35.csproj", "{F97E1A0D-51A9-4FE7-838F-5B187FCCC50B}"
EndProject
Project("{FAE04EC0-301F-11D3-BF4B-00C04F79EFBC}") = "zadanie36", "zadanie36\zadanie36.csproj", "{0190A8B1-6629-40AC-A7E5-F52334E2925F}"
EndProject
Project("{FAE04EC0-301F-11D3-BF4B-00C04F79EFBC}") = "zadanie37", "zadanie37\zadanie37.csproj", "{ADE22D22-886E-4744-AC12-03661587495E}"
EndProject
Project("{FAE04EC0-301F-11D3-BF4B-00C04F79EFBC}") = "zadanie38", "zadanie38\zadanie38.csproj", "{56DF1136-9A86-4961-96C0-FCC9E664E94D}"
EndProject
Project("{FAE04EC0-301F-11D3-BF4B-00C04F79EFBC}") = "zadanie39", "zadanie39\zadanie39.csproj", "{4320C481-5422-4A41-961F-4758BB992E77}"
EndProject
Project("{FAE04EC0-301F-11D3-BF4B-00C04F79EFBC}") = "zadanie40", "zadanie40\zadanie40.csproj", "{65E6C93C-A59B-41A3-9785-F746DDCAE4CF}"
EndProject
Project("{FAE04EC0-301F-11D3-BF4B-00C04F79EFBC}") = "zadanie41", "zadanie41\zadanie41.csproj", "{ECE031A8-5DF0-48BD-B7DB-B5ADEBCFAD71}"
EndProject
Global
	GlobalSection(SolutionConfigurationPlatforms) = preSolution
		Debug|Any CPU = Debug|Any CPU
		Release|Any CPU = Release|Any CPU
	EndGlobalSection
	GlobalSection(ProjectConfigurationPlatforms) = postSolution
		{5FE2CA3B-E6BC-45BA-A81B-349B3AA966CB}.Debug|Any CPU.ActiveCfg = Debug|Any CPU
		{5FE2CA3B-E6BC-45BA-A81B-349B3AA966CB}.Debug|Any CPU.Build.0 = Debug|Any CPU
		{5FE2CA3B-E6BC-45BA-A81B-349B3AA966CB}.Release|Any CPU.ActiveCfg = Release|Any CPU
		{5FE2CA3B-E6BC-45BA-A81B-349B3AA966CB}.Release|Any CPU.Build.0 = Release|Any CPU
		{761C2ECF-74EE-4A6B-BD29-B40309292A96}.Debug|Any CPU.ActiveCfg = Debug|Any CPU
		{761C2ECF-74EE-4A6B-BD29-B40309292A96}.Debug|Any CPU.Build.0 = Debug|Any CPU
		{761C2ECF-74EE-4A6B-BD29-B40309292A96}.Release|Any CPU.ActiveCfg = Release|Any CPU
		{761C2ECF-74EE-4A6B-BD29-B40309292A96}.Release|Any CPU.Build.0 = Release|Any CPU
		{1327C36D-4C19-4A93-9F72-DE9F4F42E194}.Debug|Any CPU.ActiveCfg = Debug|Any CPU
		{1327C36D-4C19-4A93-9F72-DE9F4F42E194}.Debug|Any CPU.Build.0 = Debug|Any CPU
		{1327C36D-4C19-4A93-9F72-DE9F4F42E194}.Release|Any CPU.ActiveCfg = Release|Any CPU
		{1327C36D-4C19-4A93-9F72-DE9F4F42E194}.Release|Any CPU.Build.0 = Release|Any CPU
		{BB4D8A0B-C17A-4C16-B249-BE327ECA8104}.Debug|Any CPU.ActiveCfg = Debug|Any CPU
		{BB4D8A0B-C17A-4C16-B249-BE327ECA8104}.Debug|Any CPU.Build.0 = Debug|Any CPU
		{BB4D8A0B-C17A-4C16-B249-BE327ECA8104}.Release|Any CPU.ActiveCfg = Release|Any CPU
		{BB4D8A0B-C17A-4C16-B249-BE327ECA8104}.Release|Any CPU.Build.0 = Release|Any CPU
		{033517D4-5F16-4B35-BDA1-84C092B8973D}.Debug|Any CPU.ActiveCfg = Debug|Any CPU
		{033517D4-5F16-4B35-BDA1-84C092B8973D}.Debug|Any CPU.Build.0 = Debug|Any CPU
		{033517D4-5F16-4B35-BDA1-84C092B8973D}.Release|Any CPU.ActiveCfg = Release|Any CPU
		{033517D4-5F16-4B35-BDA1-84C092B8973D}.Release|Any CPU.Build.0 = Release|Any CPU
		{D421058D-53BA-4933-B4AE-3404952FC8B6}.Debug|Any CPU.ActiveCfg = Debug|Any CPU
		{D421058D-53BA-4933-B4AE-3404952FC8B6}.Debug|Any CPU.Build.0 = Debug|Any CPU
		{D421058D-53BA-4933-B4AE-3404952FC8B6}.Release|Any CPU.ActiveCfg = Release|Any CPU
		{D421058D-53BA-4933-B4AE-3404952FC8B6}.Release|Any CPU.Build.0 = Release|Any CPU
		{407AA4F3-3736-4EE1-BB30-87DC17236419}.Debug|Any CPU.ActiveCfg = Debug|Any CPU
		{407AA4F3-3736-4EE1-BB30-87DC17236419}.Debug|Any CPU.Build.0 = Debug|Any CPU
		{407AA4F3-3736-4EE1-BB30-87DC17236419}.Release|Any CPU.ActiveCfg = Release|Any CPU
		{407AA4F3-3736-4EE1-BB30-87DC17236419}.Release|Any CPU.Build.0 = Release|Any CPU
		{772632BC-8243-412C-A9E1-59907A085080}.Debug|Any CPU.ActiveCfg = Debug|Any CPU
		{772632BC-8243-412C-A9E1-59907A085080}.Debug|Any CPU.Build.0 = Debug|Any CPU
		{772632BC-8243-412C-A9E1-59907A085080}.Release|Any CPU.ActiveCfg = Release|Any CPU
		{772632BC-8243-412C-A9E1-59907A085080}.Release|Any CPU.Build.0 = Release|Any CPU
		{822EE20F-9310-4DE1-8B8A-8470293ABECD}.Debug|Any CPU.ActiveCfg = Debug|Any CPU
		{822EE20F-9310-4DE1-8B8A-8470293ABECD}.Debug|Any CPU.Build.0 = Debug|Any CPU
		{822EE20F-9310-4DE1-8B8A-8470293ABECD}.Release|Any CPU.ActiveCfg = Release|Any CPU
		{822EE20F-9310-4DE1-8B8A-8470293ABECD}.Release|Any CPU.Build.0 = Release|Any CPU
		{833D334C-9969-4A57-A704-3EDDDAFA9A19}.Debug|Any CPU.ActiveCfg = Debug|Any CPU
		{833D334C-9969-4A57-A704-3EDDDAFA9A19}.Debug|Any CPU.Build.0 = Debug|Any CPU
		{833D334C-9969-4A57-A704-3EDDDAFA9A19}.Release|Any CPU.ActiveCfg = Release|Any CPU
		{833D334C-9969-4A57-A704-3EDDDAFA9A19}.Release|Any CPU.Build.0 = Release|Any CPU
		{86F0B439-8EA7-4F34-A505-EBAACF2C69CF}.Debug|Any CPU.ActiveCfg = Debug|Any CPU
		{86F0B439-8EA7-4F34-A505-EBAACF2C69CF}.Debug|Any CPU.Build.0 = Debug|Any CPU
		{86F0B439-8EA7-4F34-A505-EBAACF2C69CF}.Release|Any CPU.ActiveCfg = Release|Any CPU
		{86F0B439-8EA7-4F34-A505-EBAACF2C69CF}.Release|Any CPU.Build.0 = Release|Any CPU
		{52AD6237-B1B9-48E1-A90D-97A3FFA3DD09}.Debug|Any CPU.ActiveCfg = Debug|Any CPU
		{52AD6237-B1B9-48E1-A90D-97A3FFA3DD09}.Debug|Any CPU.Build.0 = Debug|Any CPU
		{52AD6237-B1B9-48E1-A90D-97A3FFA3DD09}.Release|Any CPU.ActiveCfg = Release|Any CPU
		{52AD6237-B1B9-48E1-A90D-97A3FFA3DD09}.Release|Any CPU.Build.0 = Release|Any CPU
		{1C1E0984-FC98-436F-AD72-8808B432E64C}.Debug|Any CPU.ActiveCfg = Debug|Any CPU
		{1C1E0984-FC98-436F-AD72-8808B432E64C}.Debug|Any CPU.Build.0 = Debug|Any CPU
		{1C1E0984-FC98-436F-AD72-8808B432E64C}.Release|Any CPU.ActiveCfg = Release|Any CPU
		{1C1E0984-FC98-436F-AD72-8808B432E64C}.Release|Any CPU.Build.0 = Release|Any CPU
		{1F8B591B-1706-4B62-B7D8-E3BA4781E68A}.Debug|Any CPU.ActiveCfg = Debug|Any CPU
		{1F8B591B-1706-4B62-B7D8-E3BA4781E68A}.Debug|Any CPU.Build.0 = Debug|Any CPU
		{1F8B591B-1706-4B62-B7D8-E3BA4781E68A}.Release|Any CPU.ActiveCfg = Release|Any CPU
		{1F8B591B-1706-4B62-B7D8-E3BA4781E68A}.Release|Any CPU.Build.0 = Release|Any CPU
		{395DCDD7-353F-4FA5-BE79-9CAAF015D5C8}.Debug|Any CPU.ActiveCfg = Debug|Any CPU
		{395DCDD7-353F-4FA5-BE79-9CAAF015D5C8}.Debug|Any CPU.Build.0 = Debug|Any CPU
		{395DCDD7-353F-4FA5-BE79-9CAAF015D5C8}.Release|Any CPU.ActiveCfg = Release|Any CPU
		{395DCDD7-353F-4FA5-BE79-9CAAF015D5C8}.Release|Any CPU.Build.0 = Release|Any CPU
		{3D9CE181-8F38-407D-97CD-A7EF170E46BE}.Debug|Any CPU.ActiveCfg = Debug|Any CPU
		{3D9CE181-8F38-407D-97CD-A7EF170E46BE}.Debug|Any CPU.Build.0 = Debug|Any CPU
		{3D9CE181-8F38-407D-97CD-A7EF170E46BE}.Release|Any CPU.ActiveCfg = Release|Any CPU
		{3D9CE181-8F38-407D-97CD-A7EF170E46BE}.Release|Any CPU.Build.0 = Release|Any CPU
		{58EB30D6-96E6-4283-AF51-5DF70D9BB427}.Debug|Any CPU.ActiveCfg = Debug|Any CPU
		{58EB30D6-96E6-4283-AF51-5DF70D9BB427}.Debug|Any CPU.Build.0 = Debug|Any CPU
		{58EB30D6-96E6-4283-AF51-5DF70D9BB427}.Release|Any CPU.ActiveCfg = Release|Any CPU
		{58EB30D6-96E6-4283-AF51-5DF70D9BB427}.Release|Any CPU.Build.0 = Release|Any CPU
		{9915A3B9-F4AD-4BB1-940F-93424B9CE159}.Debug|Any CPU.ActiveCfg = Debug|Any CPU
		{9915A3B9-F4AD-4BB1-940F-93424B9CE159}.Debug|Any CPU.Build.0 = Debug|Any CPU
		{9915A3B9-F4AD-4BB1-940F-93424B9CE159}.Release|Any CPU.ActiveCfg = Release|Any CPU
		{9915A3B9-F4AD-4BB1-940F-93424B9CE159}.Release|Any CPU.Build.0 = Release|Any CPU
		{DF9329D6-A120-42B3-8819-EC34F09240BC}.Debug|Any CPU.ActiveCfg = Debug|Any CPU
		{DF9329D6-A120-42B3-8819-EC34F09240BC}.Debug|Any CPU.Build.0 = Debug|Any CPU
		{DF9329D6-A120-42B3-8819-EC34F09240BC}.Release|Any CPU.ActiveCfg = Release|Any CPU
		{DF9329D6-A120-42B3-8819-EC34F09240BC}.Release|Any CPU.Build.0 = Release|Any CPU
		{023F06E9-D435-4CE5-A7DA-BEC09CC48030}.Debug|Any CPU.ActiveCfg = Debug|Any CPU
		{023F06E9-D435-4CE5-A7DA-BEC09CC48030}.Debug|Any CPU.Build.0 = Debug|Any CPU
		{023F06E9-D435-4CE5-A7DA-BEC09CC48030}.Release|Any CPU.ActiveCfg = Release|Any CPU
		{023F06E9-D435-4CE5-A7DA-BEC09CC48030}.Release|Any CPU.Build.0 = Release|Any CPU
		{2CA3F415-1EE8-467E-821F-294ED6BC9726}.Debug|Any CPU.ActiveCfg = Debug|Any CPU
		{2CA3F415-1EE8-467E-821F-294ED6BC9726}.Debug|Any CPU.Build.0 = Debug|Any CPU
		{2CA3F415-1EE8-467E-821F-294ED6BC9726}.Release|Any CPU.ActiveCfg = Release|Any CPU
		{2CA3F415-1EE8-467E-821F-294ED6BC9726}.Release|Any CPU.Build.0 = Release|Any CPU
		{40CE52AE-DC06-4D63-A1A0-053505CDE7F2}.Debug|Any CPU.ActiveCfg = Debug|Any CPU
		{40CE52AE-DC06-4D63-A1A0-053505CDE7F2}.Debug|Any CPU.Build.0 = Debug|Any CPU
		{40CE52AE-DC06-4D63-A1A0-053505CDE7F2}.Release|Any CPU.ActiveCfg = Release|Any CPU
		{40CE52AE-DC06-4D63-A1A0-053505CDE7F2}.Release|Any CPU.Build.0 = Release|Any CPU
		{B72C2122-C072-4EE9-A758-A303E9AE2B0E}.Debug|Any CPU.ActiveCfg = Debug|Any CPU
		{B72C2122-C072-4EE9-A758-A303E9AE2B0E}.Debug|Any CPU.Build.0 = Debug|Any CPU
		{B72C2122-C072-4EE9-A758-A303E9AE2B0E}.Release|Any CPU.ActiveCfg = Release|Any CPU
		{B72C2122-C072-4EE9-A758-A303E9AE2B0E}.Release|Any CPU.Build.0 = Release|Any CPU
		{E06EDF8D-0710-4D7E-95E6-6E1D2E6B7C14}.Debug|Any CPU.ActiveCfg = Debug|Any CPU
		{E06EDF8D-0710-4D7E-95E6-6E1D2E6B7C14}.Debug|Any CPU.Build.0 = Debug|Any CPU
		{E06EDF8D-0710-4D7E-95E6-6E1D2E6B7C14}.Release|Any CPU.ActiveCfg = Release|Any CPU
		{E06EDF8D-0710-4D7E-95E6-6E1D2E6B7C14}.Release|Any CPU.Build.0 = Release|Any CPU
		{686A34A4-65A3-441E-8108-F1D01ECFD249}.Debug|Any CPU.ActiveCfg = Debug|Any CPU
		{686A34A4-65A3-441E-8108-F1D01ECFD249}.Debug|Any CPU.Build.0 = Debug|Any CPU
		{686A34A4-65A3-441E-8108-F1D01ECFD249}.Release|Any CPU.ActiveCfg = Release|Any CPU
		{686A34A4-65A3-441E-8108-F1D01ECFD249}.Release|Any CPU.Build.0 = Release|Any CPU
		{0B3858A2-F8A2-4C7B-847F-13E04E0743C3}.Debug|Any CPU.ActiveCfg = Debug|Any CPU
		{0B3858A2-F8A2-4C7B-847F-13E04E0743C3}.Debug|Any CPU.Build.0 = Debug|Any CPU
		{0B3858A2-F8A2-4C7B-847F-13E04E0743C3}.Release|Any CPU.ActiveCfg = Release|Any CPU
		{0B3858A2-F8A2-4C7B-847F-13E04E0743C3}.Release|Any CPU.Build.0 = Release|Any CPU
		{A30E6CDA-118F-4677-8A60-99F298A7F386}.Debug|Any CPU.ActiveCfg = Debug|Any CPU
		{A30E6CDA-118F-4677-8A60-99F298A7F386}.Debug|Any CPU.Build.0 = Debug|Any CPU
		{A30E6CDA-118F-4677-8A60-99F298A7F386}.Release|Any CPU.ActiveCfg = Release|Any CPU
		{A30E6CDA-118F-4677-8A60-99F298A7F386}.Release|Any CPU.Build.0 = Release|Any CPU
		{E10D50FE-F9CD-4FEE-BFF2-51E524D3D684}.Debug|Any CPU.ActiveCfg = Debug|Any CPU
		{E10D50FE-F9CD-4FEE-BFF2-51E524D3D684}.Debug|Any CPU.Build.0 = Debug|Any CPU
		{E10D50FE-F9CD-4FEE-BFF2-51E524D3D684}.Release|Any CPU.ActiveCfg = Release|Any CPU
		{E10D50FE-F9CD-4FEE-BFF2-51E524D3D684}.Release|Any CPU.Build.0 = Release|Any CPU
		{F744182E-5C17-458F-8D77-1519CE3856FD}.Debug|Any CPU.ActiveCfg = Debug|Any CPU
		{F744182E-5C17-458F-8D77-1519CE3856FD}.Debug|Any CPU.Build.0 = Debug|Any CPU
		{F744182E-5C17-458F-8D77-1519CE3856FD}.Release|Any CPU.ActiveCfg = Release|Any CPU
		{F744182E-5C17-458F-8D77-1519CE3856FD}.Release|Any CPU.Build.0 = Release|Any CPU
		{6A48F275-1B9B-473B-B2A0-99E325EBDBE9}.Debug|Any CPU.ActiveCfg = Debug|Any CPU
		{6A48F275-1B9B-473B-B2A0-99E325EBDBE9}.Debug|Any CPU.Build.0 = Debug|Any CPU
		{6A48F275-1B9B-473B-B2A0-99E325EBDBE9}.Release|Any CPU.ActiveCfg = Release|Any CPU
		{6A48F275-1B9B-473B-B2A0-99E325EBDBE9}.Release|Any CPU.Build.0 = Release|Any CPU
		{0F634AB3-1F3C-4EE4-8D3E-18B1956B3585}.Debug|Any CPU.ActiveCfg = Debug|Any CPU
		{0F634AB3-1F3C-4EE4-8D3E-18B1956B3585}.Debug|Any CPU.Build.0 = Debug|Any CPU
		{0F634AB3-1F3C-4EE4-8D3E-18B1956B3585}.Release|Any CPU.ActiveCfg = Release|Any CPU
		{0F634AB3-1F3C-4EE4-8D3E-18B1956B3585}.Release|Any CPU.Build.0 = Release|Any CPU
		{20539738-B5A1-4408-A567-336C2CAA73B2}.Debug|Any CPU.ActiveCfg = Debug|Any CPU
		{20539738-B5A1-4408-A567-336C2CAA73B2}.Debug|Any CPU.Build.0 = Debug|Any CPU
		{20539738-B5A1-4408-A567-336C2CAA73B2}.Release|Any CPU.ActiveCfg = Release|Any CPU
		{20539738-B5A1-4408-A567-336C2CAA73B2}.Release|Any CPU.Build.0 = Release|Any CPU
		{34B4A10C-CA52-4F74-974F-7B419A85C5A0}.Debug|Any CPU.ActiveCfg = Debug|Any CPU
		{34B4A10C-CA52-4F74-974F-7B419A85C5A0}.Debug|Any CPU.Build.0 = Debug|Any CPU
		{34B4A10C-CA52-4F74-974F-7B419A85C5A0}.Release|Any CPU.ActiveCfg = Release|Any CPU
		{34B4A10C-CA52-4F74-974F-7B419A85C5A0}.Release|Any CPU.Build.0 = Release|Any CPU
		{DCDB9D87-954B-467A-9696-82D12FF46974}.Debug|Any CPU.ActiveCfg = Debug|Any CPU
		{DCDB9D87-954B-467A-9696-82D12FF46974}.Debug|Any CPU.Build.0 = Debug|Any CPU
		{DCDB9D87-954B-467A-9696-82D12FF46974}.Release|Any CPU.ActiveCfg = Release|Any CPU
		{DCDB9D87-954B-467A-9696-82D12FF46974}.Release|Any CPU.Build.0 = Release|Any CPU
		{F97E1A0D-51A9-4FE7-838F-5B187FCCC50B}.Debug|Any CPU.ActiveCfg = Debug|Any CPU
		{F97E1A0D-51A9-4FE7-838F-5B187FCCC50B}.Debug|Any CPU.Build.0 = Debug|Any CPU
		{F97E1A0D-51A9-4FE7-838F-5B187FCCC50B}.Release|Any CPU.ActiveCfg = Release|Any CPU
		{F97E1A0D-51A9-4FE7-838F-5B187FCCC50B}.Release|Any CPU.Build.0 = Release|Any CPU
		{0190A8B1-6629-40AC-A7E5-F52334E2925F}.Debug|Any CPU.ActiveCfg = Debug|Any CPU
		{0190A8B1-6629-40AC-A7E5-F52334E2925F}.Debug|Any CPU.Build.0 = Debug|Any CPU
		{0190A8B1-6629-40AC-A7E5-F52334E2925F}.Release|Any CPU.ActiveCfg = Release|Any CPU
		{0190A8B1-6629-40AC-A7E5-F52334E2925F}.Release|Any CPU.Build.0 = Release|Any CPU
		{ADE22D22-886E-4744-AC12-03661587495E}.Debug|Any CPU.ActiveCfg = Debug|Any CPU
		{ADE22D22-886E-4744-AC12-03661587495E}.Debug|Any CPU.Build.0 = Debug|Any CPU
		{ADE22D22-886E-4744-AC12-03661587495E}.Release|Any CPU.ActiveCfg = Release|Any CPU
		{ADE22D22-886E-4744-AC12-03661587495E}.Release|Any CPU.Build.0 = Release|Any CPU
		{56DF1136-9A86-4961-96C0-FCC9E664E94D}.Debug|Any CPU.ActiveCfg = Debug|Any CPU
		{56DF1136-9A86-4961-96C0-FCC9E664E94D}.Debug|Any CPU.Build.0 = Debug|Any CPU
		{56DF1136-9A86-4961-96C0-FCC9E664E94D}.Release|Any CPU.ActiveCfg = Release|Any CPU
		{56DF1136-9A86-4961-96C0-FCC9E664E94D}.Release|Any CPU.Build.0 = Release|Any CPU
		{4320C481-5422-4A41-961F-4758BB992E77}.Debug|Any CPU.ActiveCfg = Debug|Any CPU
		{4320C481-5422-4A41-961F-4758BB992E77}.Debug|Any CPU.Build.0 = Debug|Any CPU
		{4320C481-5422-4A41-961F-4758BB992E77}.Release|Any CPU.ActiveCfg = Release|Any CPU
		{4320C481-5422-4A41-961F-4758BB992E77}.Release|Any CPU.Build.0 = Release|Any CPU
		{65E6C93C-A59B-41A3-9785-F746DDCAE4CF}.Debug|Any CPU.ActiveCfg = Debug|Any CPU
		{65E6C93C-A59B-41A3-9785-F746DDCAE4CF}.Debug|Any CPU.Build.0 = Debug|Any CPU
		{65E6C93C-A59B-41A3-9785-F746DDCAE4CF}.Release|Any CPU.ActiveCfg = Release|Any CPU
		{65E6C93C-A59B-41A3-9785-F746DDCAE4CF}.Release|Any CPU.Build.0 = Release|Any CPU
		{ECE031A8-5DF0-48BD-B7DB-B5ADEBCFAD71}.Debug|Any CPU.ActiveCfg = Debug|Any CPU
		{ECE031A8-5DF0-48BD-B7DB-B5ADEBCFAD71}.Debug|Any CPU.Build.0 = Debug|Any CPU
		{ECE031A8-5DF0-48BD-B7DB-B5ADEBCFAD71}.Release|Any CPU.ActiveCfg = Release|Any CPU
		{ECE031A8-5DF0-48BD-B7DB-B5ADEBCFAD71}.Release|Any CPU.Build.0 = Release|Any CPU
	EndGlobalSection
	GlobalSection(SolutionProperties) = preSolution
		HideSolutionNode = FALSE
	EndGlobalSection
	GlobalSection(ExtensibilityGlobals) = postSolution
		SolutionGuid = {1262AE92-D7E9-4969-9AFB-51710C968B68}
	EndGlobalSection
EndGlobal
