
Microsoft Visual Studio Solution File, Format Version 12.00
# Visual Studio 15
VisualStudioVersion = 15.0.27004.2002
MinimumVisualStudioVersion = 10.0.40219.1
Project("{FAE04EC0-301F-11D3-BF4B-00C04F79EFBC}") = "zadanie1", "lw7\zadanie1.csproj", "{E28DA6DB-2595-4D6C-A1CA-8BF0AC6E783C}"
EndProject
Project("{FAE04EC0-301F-11D3-BF4B-00C04F79EFBC}") = "zadanie2", "zadanie2\zadanie2.csproj", "{8B78BC17-9D4E-4890-932E-2186E351A870}"
EndProject
Project("{FAE04EC0-301F-11D3-BF4B-00C04F79EFBC}") = "zadanie3", "zadanie3\zadanie3.csproj", "{672276D2-ACAF-48E1-AFBC-CF7FC8915A8A}"
EndProject
Project("{FAE04EC0-301F-11D3-BF4B-00C04F79EFBC}") = "zadanie5", "zadanie5\zadanie5.csproj", "{D009DA65-70F8-442C-9188-4CD8379D047F}"
EndProject
Project("{FAE04EC0-301F-11D3-BF4B-00C04F79EFBC}") = "zadanie12", "zadanie12\zadanie12.csproj", "{699EEC53-53B8-43C7-A817-8367481BFF6B}"
EndProject
Global
	GlobalSection(SolutionConfigurationPlatforms) = preSolution
		Debug|Any CPU = Debug|Any CPU
		Release|Any CPU = Release|Any CPU
	EndGlobalSection
	GlobalSection(ProjectConfigurationPlatforms) = postSolution
		{E28DA6DB-2595-4D6C-A1CA-8BF0AC6E783C}.Debug|Any CPU.ActiveCfg = Debug|Any CPU
		{E28DA6DB-2595-4D6C-A1CA-8BF0AC6E783C}.Debug|Any CPU.Build.0 = Debug|Any CPU
		{E28DA6DB-2595-4D6C-A1CA-8BF0AC6E783C}.Release|Any CPU.ActiveCfg = Release|Any CPU
		{E28DA6DB-2595-4D6C-A1CA-8BF0AC6E783C}.Release|Any CPU.Build.0 = Release|Any CPU
		{8B78BC17-9D4E-4890-932E-2186E351A870}.Debug|Any CPU.ActiveCfg = Debug|Any CPU
		{8B78BC17-9D4E-4890-932E-2186E351A870}.Debug|Any CPU.Build.0 = Debug|Any CPU
		{8B78BC17-9D4E-4890-932E-2186E351A870}.Release|Any CPU.ActiveCfg = Release|Any CPU
		{8B78BC17-9D4E-4890-932E-2186E351A870}.Release|Any CPU.Build.0 = Release|Any CPU
		{672276D2-ACAF-48E1-AFBC-CF7FC8915A8A}.Debug|Any CPU.ActiveCfg = Debug|Any CPU
		{672276D2-ACAF-48E1-AFBC-CF7FC8915A8A}.Debug|Any CPU.Build.0 = Debug|Any CPU
		{672276D2-ACAF-48E1-AFBC-CF7FC8915A8A}.Release|Any CPU.ActiveCfg = Release|Any CPU
		{672276D2-ACAF-48E1-AFBC-CF7FC8915A8A}.Release|Any CPU.Build.0 = Release|Any CPU
		{D009DA65-70F8-442C-9188-4CD8379D047F}.Debug|Any CPU.ActiveCfg = Debug|Any CPU
		{D009DA65-70F8-442C-9188-4CD8379D047F}.Debug|Any CPU.Build.0 = Debug|Any CPU
		{D009DA65-70F8-442C-9188-4CD8379D047F}.Release|Any CPU.ActiveCfg = Release|Any CPU
		{D009DA65-70F8-442C-9188-4CD8379D047F}.Release|Any CPU.Build.0 = Release|Any CPU
		{699EEC53-53B8-43C7-A817-8367481BFF6B}.Debug|Any CPU.ActiveCfg = Debug|Any CPU
		{699EEC53-53B8-43C7-A817-8367481BFF6B}.Debug|Any CPU.Build.0 = Debug|Any CPU
		{699EEC53-53B8-43C7-A817-8367481BFF6B}.Release|Any CPU.ActiveCfg = Release|Any CPU
		{699EEC53-53B8-43C7-A817-8367481BFF6B}.Release|Any CPU.Build.0 = Release|Any CPU
	EndGlobalSection
	GlobalSection(SolutionProperties) = preSolution
		HideSolutionNode = FALSE
	EndGlobalSection
	GlobalSection(ExtensibilityGlobals) = postSolution
		SolutionGuid = {0DAE0F8D-9BFC-4117-9B77-864B93839BE4}
	EndGlobalSection
EndGlobal
