
Microsoft Visual Studio Solution File, Format Version 12.00
# Visual Studio 2013
VisualStudioVersion = 12.0.31101.0
MinimumVisualStudioVersion = 10.0.40219.1
Project("{FAE04EC0-301F-11D3-BF4B-00C04F79EFBC}") = "zadanie1", "zadanie1\zadanie1.csproj", "{C1EA9121-1F94-4093-9262-24832C748C06}"
EndProject
Project("{FAE04EC0-301F-11D3-BF4B-00C04F79EFBC}") = "zadanie2", "zadanie2\zadanie2.csproj", "{5F8D5311-57C3-442D-AD97-01140205F078}"
EndProject
Project("{FAE04EC0-301F-11D3-BF4B-00C04F79EFBC}") = "zadanie7", "zadanie7\zadanie7.csproj", "{70A263AA-7D0C-446D-80BA-8A8A308017CF}"
EndProject
Project("{FAE04EC0-301F-11D3-BF4B-00C04F79EFBC}") = "zadanie8", "zadanie8\zadanie8.csproj", "{F5957A88-F63E-485E-8939-36277706EC01}"
EndProject
Project("{FAE04EC0-301F-11D3-BF4B-00C04F79EFBC}") = "zadanie10", "zdanie10\zadanie10.csproj", "{91727818-F007-40A0-BD1E-A5CDA9EF1BFB}"
EndProject
Global
	GlobalSection(SolutionConfigurationPlatforms) = preSolution
		Debug|Any CPU = Debug|Any CPU
		Release|Any CPU = Release|Any CPU
	EndGlobalSection
	GlobalSection(ProjectConfigurationPlatforms) = postSolution
		{C1EA9121-1F94-4093-9262-24832C748C06}.Debug|Any CPU.ActiveCfg = Debug|Any CPU
		{C1EA9121-1F94-4093-9262-24832C748C06}.Debug|Any CPU.Build.0 = Debug|Any CPU
		{C1EA9121-1F94-4093-9262-24832C748C06}.Release|Any CPU.ActiveCfg = Release|Any CPU
		{C1EA9121-1F94-4093-9262-24832C748C06}.Release|Any CPU.Build.0 = Release|Any CPU
		{5F8D5311-57C3-442D-AD97-01140205F078}.Debug|Any CPU.ActiveCfg = Debug|Any CPU
		{5F8D5311-57C3-442D-AD97-01140205F078}.Debug|Any CPU.Build.0 = Debug|Any CPU
		{5F8D5311-57C3-442D-AD97-01140205F078}.Release|Any CPU.ActiveCfg = Release|Any CPU
		{5F8D5311-57C3-442D-AD97-01140205F078}.Release|Any CPU.Build.0 = Release|Any CPU
		{70A263AA-7D0C-446D-80BA-8A8A308017CF}.Debug|Any CPU.ActiveCfg = Debug|Any CPU
		{70A263AA-7D0C-446D-80BA-8A8A308017CF}.Debug|Any CPU.Build.0 = Debug|Any CPU
		{70A263AA-7D0C-446D-80BA-8A8A308017CF}.Release|Any CPU.ActiveCfg = Release|Any CPU
		{70A263AA-7D0C-446D-80BA-8A8A308017CF}.Release|Any CPU.Build.0 = Release|Any CPU
		{F5957A88-F63E-485E-8939-36277706EC01}.Debug|Any CPU.ActiveCfg = Debug|Any CPU
		{F5957A88-F63E-485E-8939-36277706EC01}.Debug|Any CPU.Build.0 = Debug|Any CPU
		{F5957A88-F63E-485E-8939-36277706EC01}.Release|Any CPU.ActiveCfg = Release|Any CPU
		{F5957A88-F63E-485E-8939-36277706EC01}.Release|Any CPU.Build.0 = Release|Any CPU
		{91727818-F007-40A0-BD1E-A5CDA9EF1BFB}.Debug|Any CPU.ActiveCfg = Debug|Any CPU
		{91727818-F007-40A0-BD1E-A5CDA9EF1BFB}.Debug|Any CPU.Build.0 = Debug|Any CPU
		{91727818-F007-40A0-BD1E-A5CDA9EF1BFB}.Release|Any CPU.ActiveCfg = Release|Any CPU
		{91727818-F007-40A0-BD1E-A5CDA9EF1BFB}.Release|Any CPU.Build.0 = Release|Any CPU
	EndGlobalSection
	GlobalSection(SolutionProperties) = preSolution
		HideSolutionNode = FALSE
	EndGlobalSection
EndGlobal
