
Microsoft Visual Studio Solution File, Format Version 12.00
# Visual Studio 15
VisualStudioVersion = 15.0.27004.2002
MinimumVisualStudioVersion = 10.0.40219.1
Project("{FAE04EC0-301F-11D3-BF4B-00C04F79EFBC}") = "zadanie1", "zadanie1\zadanie1.csproj", "{12BE0DCE-E10F-4540-9C8D-B35D57E170ED}"
EndProject
Project("{FAE04EC0-301F-11D3-BF4B-00C04F79EFBC}") = "zadanie6", "zadanie6\zadanie6.csproj", "{DBAB182E-3219-48C4-982B-95141110924A}"
EndProject
Project("{FAE04EC0-301F-11D3-BF4B-00C04F79EFBC}") = "zadanie7", "zadanie7\zadanie7.csproj", "{7BF8D34C-B68B-4108-81C3-42440D5A9561}"
EndProject
Global
	GlobalSection(SolutionConfigurationPlatforms) = preSolution
		Debug|Any CPU = Debug|Any CPU
		Release|Any CPU = Release|Any CPU
	EndGlobalSection
	GlobalSection(ProjectConfigurationPlatforms) = postSolution
		{12BE0DCE-E10F-4540-9C8D-B35D57E170ED}.Debug|Any CPU.ActiveCfg = Debug|Any CPU
		{12BE0DCE-E10F-4540-9C8D-B35D57E170ED}.Debug|Any CPU.Build.0 = Debug|Any CPU
		{12BE0DCE-E10F-4540-9C8D-B35D57E170ED}.Release|Any CPU.ActiveCfg = Release|Any CPU
		{12BE0DCE-E10F-4540-9C8D-B35D57E170ED}.Release|Any CPU.Build.0 = Release|Any CPU
		{DBAB182E-3219-48C4-982B-95141110924A}.Debug|Any CPU.ActiveCfg = Debug|Any CPU
		{DBAB182E-3219-48C4-982B-95141110924A}.Debug|Any CPU.Build.0 = Debug|Any CPU
		{DBAB182E-3219-48C4-982B-95141110924A}.Release|Any CPU.ActiveCfg = Release|Any CPU
		{DBAB182E-3219-48C4-982B-95141110924A}.Release|Any CPU.Build.0 = Release|Any CPU
		{7BF8D34C-B68B-4108-81C3-42440D5A9561}.Debug|Any CPU.ActiveCfg = Debug|Any CPU
		{7BF8D34C-B68B-4108-81C3-42440D5A9561}.Debug|Any CPU.Build.0 = Debug|Any CPU
		{7BF8D34C-B68B-4108-81C3-42440D5A9561}.Release|Any CPU.ActiveCfg = Release|Any CPU
		{7BF8D34C-B68B-4108-81C3-42440D5A9561}.Release|Any CPU.Build.0 = Release|Any CPU
	EndGlobalSection
	GlobalSection(SolutionProperties) = preSolution
		HideSolutionNode = FALSE
	EndGlobalSection
	GlobalSection(ExtensibilityGlobals) = postSolution
		SolutionGuid = {B22D925C-3205-4F17-BD0D-7CAF21A89B0C}
	EndGlobalSection
EndGlobal
