
Microsoft Visual Studio Solution File, Format Version 12.00
# Visual Studio 15
VisualStudioVersion = 15.0.26730.16
MinimumVisualStudioVersion = 10.0.40219.1
Project("{FAE04EC0-301F-11D3-BF4B-00C04F79EFBC}") = "zadanie1", "zadanie1\zadanie1.csproj", "{D7E0D7BE-0D22-48E9-BF66-90C9A30702D3}"
EndProject
Project("{FAE04EC0-301F-11D3-BF4B-00C04F79EFBC}") = "zadanie2", "zadanie2\zadanie2.csproj", "{6439A788-1343-4698-85D8-179FA2996DB3}"
EndProject
Project("{FAE04EC0-301F-11D3-BF4B-00C04F79EFBC}") = "zadanie5", "zadanie5\zadanie5.csproj", "{13446F21-BE02-4870-B1B2-EF3542761531}"
EndProject
Project("{FAE04EC0-301F-11D3-BF4B-00C04F79EFBC}") = "zadanie9", "zadanie9\zadanie9.csproj", "{EA2629B6-06EB-496C-B54D-B6DBD7F64DE1}"
EndProject
Project("{FAE04EC0-301F-11D3-BF4B-00C04F79EFBC}") = "zadanie14", "zadanie14\zadanie14.csproj", "{DACC28BB-43E5-4C93-9F7C-6663BC3EF20A}"
EndProject
Project("{FAE04EC0-301F-11D3-BF4B-00C04F79EFBC}") = "zadanie3", "zadanie3\zadanie3.csproj", "{6F438346-A5B1-49C4-B99E-84979519B79D}"
EndProject
Project("{FAE04EC0-301F-11D3-BF4B-00C04F79EFBC}") = "zadanie4", "zadanie4\zadanie4.csproj", "{2A94FD23-31D2-4AE8-858B-DF74EF2691C8}"
EndProject
Project("{FAE04EC0-301F-11D3-BF4B-00C04F79EFBC}") = "zadanie6", "zadanie6\zadanie6.csproj", "{37D7583C-BF08-4803-A6FE-D42D7AF3539D}"
EndProject
Project("{FAE04EC0-301F-11D3-BF4B-00C04F79EFBC}") = "zadanie7", "zadanie7\zadanie7.csproj", "{DEFA57D5-7726-47BB-A32B-443B97F1D4D2}"
EndProject
Project("{FAE04EC0-301F-11D3-BF4B-00C04F79EFBC}") = "zadanie8", "zadanie8\zadanie8.csproj", "{508665BB-B99D-45B0-B332-9CF97AECAD50}"
EndProject
Project("{FAE04EC0-301F-11D3-BF4B-00C04F79EFBC}") = "zadanie10", "zadanie10\zadanie10.csproj", "{CFE54357-8C80-4718-A525-BBFADCD63132}"
EndProject
Project("{FAE04EC0-301F-11D3-BF4B-00C04F79EFBC}") = "zadanie11", "zadanie11\zadanie11.csproj", "{CFAFE70E-BB9A-4A13-8175-E2379BD716B5}"
EndProject
Project("{FAE04EC0-301F-11D3-BF4B-00C04F79EFBC}") = "zadanie12", "zadanie12\zadanie12.csproj", "{8FDA7480-D4F1-4A4D-BA62-42EB16C057CB}"
EndProject
Project("{FAE04EC0-301F-11D3-BF4B-00C04F79EFBC}") = "zadanie13", "zadanie13\zadanie13.csproj", "{B29633E2-94CD-44A0-8C1E-7BB25888DBC8}"
EndProject
Project("{FAE04EC0-301F-11D3-BF4B-00C04F79EFBC}") = "zadanie15", "zadanie15\zadanie15.csproj", "{CF7EE3F7-F850-46BA-9756-C05DD9089CB4}"
EndProject
Project("{FAE04EC0-301F-11D3-BF4B-00C04F79EFBC}") = "zadanie16", "zadanie16\zadanie16.csproj", "{BEE7C242-BF27-477F-BEDA-E61D5BCCB355}"
EndProject
Project("{FAE04EC0-301F-11D3-BF4B-00C04F79EFBC}") = "zadanie17", "zadanie17\zadanie17.csproj", "{8E25F45F-AB0C-4BC3-901E-F122DDF851AA}"
EndProject
Project("{FAE04EC0-301F-11D3-BF4B-00C04F79EFBC}") = "zadanie18", "zadanie18\zadanie18.csproj", "{2B6DB8D9-B95E-4F2B-B176-BC6437A86AC5}"
EndProject
Project("{FAE04EC0-301F-11D3-BF4B-00C04F79EFBC}") = "zadanie19", "zadanie19\zadanie19.csproj", "{AB7FEFB1-D3A3-4BEB-8A58-038DB07431EF}"
EndProject
Project("{FAE04EC0-301F-11D3-BF4B-00C04F79EFBC}") = "zadanie20", "zadanie20\zadanie20.csproj", "{CB8EB497-1469-4E08-8E7F-D22D259E80F3}"
EndProject
Project("{FAE04EC0-301F-11D3-BF4B-00C04F79EFBC}") = "zadanie21", "zadanie21\zadanie21.csproj", "{5CC5C252-111D-4DBB-8F17-1AA3F17A8726}"
EndProject
Project("{FAE04EC0-301F-11D3-BF4B-00C04F79EFBC}") = "zadanie22", "zadanie22\zadanie22.csproj", "{DDFCE70B-F6B3-48BE-BB49-C656A94DFB46}"
EndProject
Project("{FAE04EC0-301F-11D3-BF4B-00C04F79EFBC}") = "zadanie23", "zadanie23\zadanie23.csproj", "{035C2F6D-8836-490B-BEDC-976431334812}"
EndProject
Project("{FAE04EC0-301F-11D3-BF4B-00C04F79EFBC}") = "zadanie24", "zadanie24\zadanie24.csproj", "{6F7B2286-6E0E-4BB5-A246-2565909BFE6D}"
EndProject
Project("{FAE04EC0-301F-11D3-BF4B-00C04F79EFBC}") = "zadanie25", "zadanie25\zadanie25.csproj", "{10833AC2-FE14-4654-8184-A647D781F8BE}"
EndProject
Project("{FAE04EC0-301F-11D3-BF4B-00C04F79EFBC}") = "zadanie26", "zadanie26\zadanie26.csproj", "{F825BF67-DAF1-4120-821B-88204F089B8A}"
EndProject
Global
	GlobalSection(SolutionConfigurationPlatforms) = preSolution
		Debug|Any CPU = Debug|Any CPU
		Release|Any CPU = Release|Any CPU
	EndGlobalSection
	GlobalSection(ProjectConfigurationPlatforms) = postSolution
		{D7E0D7BE-0D22-48E9-BF66-90C9A30702D3}.Debug|Any CPU.ActiveCfg = Debug|Any CPU
		{D7E0D7BE-0D22-48E9-BF66-90C9A30702D3}.Debug|Any CPU.Build.0 = Debug|Any CPU
		{D7E0D7BE-0D22-48E9-BF66-90C9A30702D3}.Release|Any CPU.ActiveCfg = Release|Any CPU
		{D7E0D7BE-0D22-48E9-BF66-90C9A30702D3}.Release|Any CPU.Build.0 = Release|Any CPU
		{6439A788-1343-4698-85D8-179FA2996DB3}.Debug|Any CPU.ActiveCfg = Debug|Any CPU
		{6439A788-1343-4698-85D8-179FA2996DB3}.Debug|Any CPU.Build.0 = Debug|Any CPU
		{6439A788-1343-4698-85D8-179FA2996DB3}.Release|Any CPU.ActiveCfg = Release|Any CPU
		{6439A788-1343-4698-85D8-179FA2996DB3}.Release|Any CPU.Build.0 = Release|Any CPU
		{13446F21-BE02-4870-B1B2-EF3542761531}.Debug|Any CPU.ActiveCfg = Debug|Any CPU
		{13446F21-BE02-4870-B1B2-EF3542761531}.Debug|Any CPU.Build.0 = Debug|Any CPU
		{13446F21-BE02-4870-B1B2-EF3542761531}.Release|Any CPU.ActiveCfg = Release|Any CPU
		{13446F21-BE02-4870-B1B2-EF3542761531}.Release|Any CPU.Build.0 = Release|Any CPU
		{EA2629B6-06EB-496C-B54D-B6DBD7F64DE1}.Debug|Any CPU.ActiveCfg = Debug|Any CPU
		{EA2629B6-06EB-496C-B54D-B6DBD7F64DE1}.Debug|Any CPU.Build.0 = Debug|Any CPU
		{EA2629B6-06EB-496C-B54D-B6DBD7F64DE1}.Release|Any CPU.ActiveCfg = Release|Any CPU
		{EA2629B6-06EB-496C-B54D-B6DBD7F64DE1}.Release|Any CPU.Build.0 = Release|Any CPU
		{DACC28BB-43E5-4C93-9F7C-6663BC3EF20A}.Debug|Any CPU.ActiveCfg = Debug|Any CPU
		{DACC28BB-43E5-4C93-9F7C-6663BC3EF20A}.Debug|Any CPU.Build.0 = Debug|Any CPU
		{DACC28BB-43E5-4C93-9F7C-6663BC3EF20A}.Release|Any CPU.ActiveCfg = Release|Any CPU
		{DACC28BB-43E5-4C93-9F7C-6663BC3EF20A}.Release|Any CPU.Build.0 = Release|Any CPU
		{6F438346-A5B1-49C4-B99E-84979519B79D}.Debug|Any CPU.ActiveCfg = Debug|Any CPU
		{6F438346-A5B1-49C4-B99E-84979519B79D}.Debug|Any CPU.Build.0 = Debug|Any CPU
		{6F438346-A5B1-49C4-B99E-84979519B79D}.Release|Any CPU.ActiveCfg = Release|Any CPU
		{6F438346-A5B1-49C4-B99E-84979519B79D}.Release|Any CPU.Build.0 = Release|Any CPU
		{2A94FD23-31D2-4AE8-858B-DF74EF2691C8}.Debug|Any CPU.ActiveCfg = Debug|Any CPU
		{2A94FD23-31D2-4AE8-858B-DF74EF2691C8}.Debug|Any CPU.Build.0 = Debug|Any CPU
		{2A94FD23-31D2-4AE8-858B-DF74EF2691C8}.Release|Any CPU.ActiveCfg = Release|Any CPU
		{2A94FD23-31D2-4AE8-858B-DF74EF2691C8}.Release|Any CPU.Build.0 = Release|Any CPU
		{37D7583C-BF08-4803-A6FE-D42D7AF3539D}.Debug|Any CPU.ActiveCfg = Debug|Any CPU
		{37D7583C-BF08-4803-A6FE-D42D7AF3539D}.Debug|Any CPU.Build.0 = Debug|Any CPU
		{37D7583C-BF08-4803-A6FE-D42D7AF3539D}.Release|Any CPU.ActiveCfg = Release|Any CPU
		{37D7583C-BF08-4803-A6FE-D42D7AF3539D}.Release|Any CPU.Build.0 = Release|Any CPU
		{DEFA57D5-7726-47BB-A32B-443B97F1D4D2}.Debug|Any CPU.ActiveCfg = Debug|Any CPU
		{DEFA57D5-7726-47BB-A32B-443B97F1D4D2}.Debug|Any CPU.Build.0 = Debug|Any CPU
		{DEFA57D5-7726-47BB-A32B-443B97F1D4D2}.Release|Any CPU.ActiveCfg = Release|Any CPU
		{DEFA57D5-7726-47BB-A32B-443B97F1D4D2}.Release|Any CPU.Build.0 = Release|Any CPU
		{508665BB-B99D-45B0-B332-9CF97AECAD50}.Debug|Any CPU.ActiveCfg = Debug|Any CPU
		{508665BB-B99D-45B0-B332-9CF97AECAD50}.Debug|Any CPU.Build.0 = Debug|Any CPU
		{508665BB-B99D-45B0-B332-9CF97AECAD50}.Release|Any CPU.ActiveCfg = Release|Any CPU
		{508665BB-B99D-45B0-B332-9CF97AECAD50}.Release|Any CPU.Build.0 = Release|Any CPU
		{CFE54357-8C80-4718-A525-BBFADCD63132}.Debug|Any CPU.ActiveCfg = Debug|Any CPU
		{CFE54357-8C80-4718-A525-BBFADCD63132}.Debug|Any CPU.Build.0 = Debug|Any CPU
		{CFE54357-8C80-4718-A525-BBFADCD63132}.Release|Any CPU.ActiveCfg = Release|Any CPU
		{CFE54357-8C80-4718-A525-BBFADCD63132}.Release|Any CPU.Build.0 = Release|Any CPU
		{CFAFE70E-BB9A-4A13-8175-E2379BD716B5}.Debug|Any CPU.ActiveCfg = Debug|Any CPU
		{CFAFE70E-BB9A-4A13-8175-E2379BD716B5}.Debug|Any CPU.Build.0 = Debug|Any CPU
		{CFAFE70E-BB9A-4A13-8175-E2379BD716B5}.Release|Any CPU.ActiveCfg = Release|Any CPU
		{CFAFE70E-BB9A-4A13-8175-E2379BD716B5}.Release|Any CPU.Build.0 = Release|Any CPU
		{8FDA7480-D4F1-4A4D-BA62-42EB16C057CB}.Debug|Any CPU.ActiveCfg = Debug|Any CPU
		{8FDA7480-D4F1-4A4D-BA62-42EB16C057CB}.Debug|Any CPU.Build.0 = Debug|Any CPU
		{8FDA7480-D4F1-4A4D-BA62-42EB16C057CB}.Release|Any CPU.ActiveCfg = Release|Any CPU
		{8FDA7480-D4F1-4A4D-BA62-42EB16C057CB}.Release|Any CPU.Build.0 = Release|Any CPU
		{B29633E2-94CD-44A0-8C1E-7BB25888DBC8}.Debug|Any CPU.ActiveCfg = Debug|Any CPU
		{B29633E2-94CD-44A0-8C1E-7BB25888DBC8}.Debug|Any CPU.Build.0 = Debug|Any CPU
		{B29633E2-94CD-44A0-8C1E-7BB25888DBC8}.Release|Any CPU.ActiveCfg = Release|Any CPU
		{B29633E2-94CD-44A0-8C1E-7BB25888DBC8}.Release|Any CPU.Build.0 = Release|Any CPU
		{CF7EE3F7-F850-46BA-9756-C05DD9089CB4}.Debug|Any CPU.ActiveCfg = Debug|Any CPU
		{CF7EE3F7-F850-46BA-9756-C05DD9089CB4}.Debug|Any CPU.Build.0 = Debug|Any CPU
		{CF7EE3F7-F850-46BA-9756-C05DD9089CB4}.Release|Any CPU.ActiveCfg = Release|Any CPU
		{CF7EE3F7-F850-46BA-9756-C05DD9089CB4}.Release|Any CPU.Build.0 = Release|Any CPU
		{BEE7C242-BF27-477F-BEDA-E61D5BCCB355}.Debug|Any CPU.ActiveCfg = Debug|Any CPU
		{BEE7C242-BF27-477F-BEDA-E61D5BCCB355}.Debug|Any CPU.Build.0 = Debug|Any CPU
		{BEE7C242-BF27-477F-BEDA-E61D5BCCB355}.Release|Any CPU.ActiveCfg = Release|Any CPU
		{BEE7C242-BF27-477F-BEDA-E61D5BCCB355}.Release|Any CPU.Build.0 = Release|Any CPU
		{8E25F45F-AB0C-4BC3-901E-F122DDF851AA}.Debug|Any CPU.ActiveCfg = Debug|Any CPU
		{8E25F45F-AB0C-4BC3-901E-F122DDF851AA}.Debug|Any CPU.Build.0 = Debug|Any CPU
		{8E25F45F-AB0C-4BC3-901E-F122DDF851AA}.Release|Any CPU.ActiveCfg = Release|Any CPU
		{8E25F45F-AB0C-4BC3-901E-F122DDF851AA}.Release|Any CPU.Build.0 = Release|Any CPU
		{2B6DB8D9-B95E-4F2B-B176-BC6437A86AC5}.Debug|Any CPU.ActiveCfg = Debug|Any CPU
		{2B6DB8D9-B95E-4F2B-B176-BC6437A86AC5}.Debug|Any CPU.Build.0 = Debug|Any CPU
		{2B6DB8D9-B95E-4F2B-B176-BC6437A86AC5}.Release|Any CPU.ActiveCfg = Release|Any CPU
		{2B6DB8D9-B95E-4F2B-B176-BC6437A86AC5}.Release|Any CPU.Build.0 = Release|Any CPU
		{AB7FEFB1-D3A3-4BEB-8A58-038DB07431EF}.Debug|Any CPU.ActiveCfg = Debug|Any CPU
		{AB7FEFB1-D3A3-4BEB-8A58-038DB07431EF}.Debug|Any CPU.Build.0 = Debug|Any CPU
		{AB7FEFB1-D3A3-4BEB-8A58-038DB07431EF}.Release|Any CPU.ActiveCfg = Release|Any CPU
		{AB7FEFB1-D3A3-4BEB-8A58-038DB07431EF}.Release|Any CPU.Build.0 = Release|Any CPU
		{CB8EB497-1469-4E08-8E7F-D22D259E80F3}.Debug|Any CPU.ActiveCfg = Debug|Any CPU
		{CB8EB497-1469-4E08-8E7F-D22D259E80F3}.Debug|Any CPU.Build.0 = Debug|Any CPU
		{CB8EB497-1469-4E08-8E7F-D22D259E80F3}.Release|Any CPU.ActiveCfg = Release|Any CPU
		{CB8EB497-1469-4E08-8E7F-D22D259E80F3}.Release|Any CPU.Build.0 = Release|Any CPU
		{5CC5C252-111D-4DBB-8F17-1AA3F17A8726}.Debug|Any CPU.ActiveCfg = Debug|Any CPU
		{5CC5C252-111D-4DBB-8F17-1AA3F17A8726}.Debug|Any CPU.Build.0 = Debug|Any CPU
		{5CC5C252-111D-4DBB-8F17-1AA3F17A8726}.Release|Any CPU.ActiveCfg = Release|Any CPU
		{5CC5C252-111D-4DBB-8F17-1AA3F17A8726}.Release|Any CPU.Build.0 = Release|Any CPU
		{DDFCE70B-F6B3-48BE-BB49-C656A94DFB46}.Debug|Any CPU.ActiveCfg = Debug|Any CPU
		{DDFCE70B-F6B3-48BE-BB49-C656A94DFB46}.Debug|Any CPU.Build.0 = Debug|Any CPU
		{DDFCE70B-F6B3-48BE-BB49-C656A94DFB46}.Release|Any CPU.ActiveCfg = Release|Any CPU
		{DDFCE70B-F6B3-48BE-BB49-C656A94DFB46}.Release|Any CPU.Build.0 = Release|Any CPU
		{035C2F6D-8836-490B-BEDC-976431334812}.Debug|Any CPU.ActiveCfg = Debug|Any CPU
		{035C2F6D-8836-490B-BEDC-976431334812}.Debug|Any CPU.Build.0 = Debug|Any CPU
		{035C2F6D-8836-490B-BEDC-976431334812}.Release|Any CPU.ActiveCfg = Release|Any CPU
		{035C2F6D-8836-490B-BEDC-976431334812}.Release|Any CPU.Build.0 = Release|Any CPU
		{6F7B2286-6E0E-4BB5-A246-2565909BFE6D}.Debug|Any CPU.ActiveCfg = Debug|Any CPU
		{6F7B2286-6E0E-4BB5-A246-2565909BFE6D}.Debug|Any CPU.Build.0 = Debug|Any CPU
		{6F7B2286-6E0E-4BB5-A246-2565909BFE6D}.Release|Any CPU.ActiveCfg = Release|Any CPU
		{6F7B2286-6E0E-4BB5-A246-2565909BFE6D}.Release|Any CPU.Build.0 = Release|Any CPU
		{10833AC2-FE14-4654-8184-A647D781F8BE}.Debug|Any CPU.ActiveCfg = Debug|Any CPU
		{10833AC2-FE14-4654-8184-A647D781F8BE}.Debug|Any CPU.Build.0 = Debug|Any CPU
		{10833AC2-FE14-4654-8184-A647D781F8BE}.Release|Any CPU.ActiveCfg = Release|Any CPU
		{10833AC2-FE14-4654-8184-A647D781F8BE}.Release|Any CPU.Build.0 = Release|Any CPU
		{F825BF67-DAF1-4120-821B-88204F089B8A}.Debug|Any CPU.ActiveCfg = Debug|Any CPU
		{F825BF67-DAF1-4120-821B-88204F089B8A}.Debug|Any CPU.Build.0 = Debug|Any CPU
		{F825BF67-DAF1-4120-821B-88204F089B8A}.Release|Any CPU.ActiveCfg = Release|Any CPU
		{F825BF67-DAF1-4120-821B-88204F089B8A}.Release|Any CPU.Build.0 = Release|Any CPU
	EndGlobalSection
	GlobalSection(SolutionProperties) = preSolution
		HideSolutionNode = FALSE
	EndGlobalSection
	GlobalSection(ExtensibilityGlobals) = postSolution
		SolutionGuid = {4CAC219E-0CE9-4493-BF47-89E4F15FCEC0}
	EndGlobalSection
EndGlobal
